
Microsoft Visual Studio Solution File, Format Version 12.00
# Visual Studio 15
VisualStudioVersion = 15.0.27004.2002
MinimumVisualStudioVersion = 10.0.40219.1
Project("{FAE04EC0-301F-11D3-BF4B-00C04F79EFBC}") = "ObservatoryCenter", "ObservatoryControl\ObservatoryCenter.csproj", "{D60368F3-AD27-459E-BBF8-07944FB4BE5D}"
EndProject
Project("{2150E333-8FDC-42A3-9474-1A3956D46DE8}") = "Solution Items", "Solution Items", "{4F17582A-8F09-46CB-8018-B07C83182421}"
	ProjectSection(SolutionItems) = preProject
		ObservatoryControl\astrotortilla_solve_12.au3 = ObservatoryControl\astrotortilla_solve_12.au3
	EndProjectSection
EndProject
Project("{FAE04EC0-301F-11D3-BF4B-00C04F79EFBC}") = "WeatherControl", "..\WeatherControlEmulation\WeatherControl\WeatherControl.csproj", "{5EAF0786-5DCB-49F9-85A2-2F8165BEDB58}"
EndProject
Project("{FAE04EC0-301F-11D3-BF4B-00C04F79EFBC}") = "CPI.Plot3D", "CPI.Plot3D\CPI.Plot3D\CPI.Plot3D.csproj", "{F41E9717-E4AC-482B-B381-DEAD5A092FA8}"
EndProject
Project("{FAE04EC0-301F-11D3-BF4B-00C04F79EFBC}") = "App1", "App1\App1.csproj", "{4A5A93C6-8D61-40FB-8119-11427ACE30BC}"
EndProject
Global
	GlobalSection(SolutionConfigurationPlatforms) = preSolution
		Debug|Any CPU = Debug|Any CPU
		Release|Any CPU = Release|Any CPU
	EndGlobalSection
	GlobalSection(ProjectConfigurationPlatforms) = postSolution
		{D60368F3-AD27-459E-BBF8-07944FB4BE5D}.Debug|Any CPU.ActiveCfg = Debug|Any CPU
		{D60368F3-AD27-459E-BBF8-07944FB4BE5D}.Debug|Any CPU.Build.0 = Debug|Any CPU
		{D60368F3-AD27-459E-BBF8-07944FB4BE5D}.Release|Any CPU.ActiveCfg = Release|Any CPU
		{D60368F3-AD27-459E-BBF8-07944FB4BE5D}.Release|Any CPU.Build.0 = Release|Any CPU
		{5EAF0786-5DCB-49F9-85A2-2F8165BEDB58}.Debug|Any CPU.ActiveCfg = Debug|Any CPU
		{5EAF0786-5DCB-49F9-85A2-2F8165BEDB58}.Debug|Any CPU.Build.0 = Debug|Any CPU
		{5EAF0786-5DCB-49F9-85A2-2F8165BEDB58}.Release|Any CPU.ActiveCfg = Release|Any CPU
		{5EAF0786-5DCB-49F9-85A2-2F8165BEDB58}.Release|Any CPU.Build.0 = Release|Any CPU
		{F41E9717-E4AC-482B-B381-DEAD5A092FA8}.Debug|Any CPU.ActiveCfg = Debug|Any CPU
		{F41E9717-E4AC-482B-B381-DEAD5A092FA8}.Debug|Any CPU.Build.0 = Debug|Any CPU
		{F41E9717-E4AC-482B-B381-DEAD5A092FA8}.Release|Any CPU.ActiveCfg = Release|Any CPU
		{F41E9717-E4AC-482B-B381-DEAD5A092FA8}.Release|Any CPU.Build.0 = Release|Any CPU
		{4A5A93C6-8D61-40FB-8119-11427ACE30BC}.Debug|Any CPU.ActiveCfg = Debug|Any CPU
		{4A5A93C6-8D61-40FB-8119-11427ACE30BC}.Debug|Any CPU.Build.0 = Debug|Any CPU
		{4A5A93C6-8D61-40FB-8119-11427ACE30BC}.Debug|Any CPU.Deploy.0 = Debug|Any CPU
		{4A5A93C6-8D61-40FB-8119-11427ACE30BC}.Release|Any CPU.ActiveCfg = Release|Any CPU
		{4A5A93C6-8D61-40FB-8119-11427ACE30BC}.Release|Any CPU.Build.0 = Release|Any CPU
		{4A5A93C6-8D61-40FB-8119-11427ACE30BC}.Release|Any CPU.Deploy.0 = Release|Any CPU
	EndGlobalSection
	GlobalSection(SolutionProperties) = preSolution
		HideSolutionNode = FALSE
	EndGlobalSection
	GlobalSection(ExtensibilityGlobals) = postSolution
		SolutionGuid = {9D6D73BC-AC66-4FE7-8BE4-51307B73352B}
	EndGlobalSection
EndGlobal
